github.com/triumphpc/go-fstg-modexam v1.0.3 h1:9v8f7lC0dvi/1me9pLa0qWXI05A5D3XUgm0B8WeFqCk=
github.com/triumphpc/go-fstg-modexam v1.0.3/go.mod h1:mfp5qUsaXsQMea8mwAL64FBu/u3CKkzgdcmcTPC9+aM=
github.com/triumphpc/go-fstg-modexam/v6 v6.0.0 h1:dGzEgDRuX7wY7doitUU5JZ+MGiAtVguvemK9PX7fksk=
github.com/triumphpc/go-fstg-modexam/v6 v6.0.0/go.mod h1:RQ5fvhesfF1Id4wD9HF4zTkQHJXMn8sLAyMi0tJjiPY=
